// !$*UTF8*$!
{
	archiveVersion = 1;
	classes = {
	};
	objectVersion = 46;
	objects = {

/* Begin PBXBuildFile section */
		3549BB501DA38A2000C63030 /* MLLineChart.h in Headers */ = {isa = PBXBuildFile; fileRef = 3549BB181DA3890B00C63030 /* MLLineChart.h */; settings = {ATTRIBUTES = (Public, ); }; };
		3549BB511DA38A2000C63030 /* MLLineChart.h in Headers */ = {isa = PBXBuildFile; fileRef = 3549BB181DA3890B00C63030 /* MLLineChart.h */; settings = {ATTRIBUTES = (Public, ); }; };
		3549BB661DA38ADB00C63030 /* MLLineChart.framework in Frameworks */ = {isa = PBXBuildFile; fileRef = 3549BB211DA389CD00C63030 /* MLLineChart.framework */; };
		3549BB751DA38AEF00C63030 /* MLLineChart.framework in Frameworks */ = {isa = PBXBuildFile; fileRef = 3549BB481DA389F300C63030 /* MLLineChart.framework */; };
		3549BB8B1DA38C0A00C63030 /* MLLineChartSpec.swift in Sources */ = {isa = PBXBuildFile; fileRef = 3549BB8A1DA38C0A00C63030 /* MLLineChartSpec.swift */; };
		3549BB8D1DA38C0A00C63030 /* MLLineChartSpec.swift in Sources */ = {isa = PBXBuildFile; fileRef = 3549BB8A1DA38C0A00C63030 /* MLLineChartSpec.swift */; };
		354AD5861F8A659800B18FAE /* Quick.framework in Frameworks */ = {isa = PBXBuildFile; fileRef = 354AD5841F8A659800B18FAE /* Quick.framework */; };
		354AD5871F8A659800B18FAE /* Nimble.framework in Frameworks */ = {isa = PBXBuildFile; fileRef = 354AD5851F8A659800B18FAE /* Nimble.framework */; };
		354AD5881F8A65B500B18FAE /* Nimble.framework in Embed Frameworks */ = {isa = PBXBuildFile; fileRef = 354AD5851F8A659800B18FAE /* Nimble.framework */; settings = {ATTRIBUTES = (CodeSignOnCopy, RemoveHeadersOnCopy, ); }; };
		354AD5891F8A65B500B18FAE /* Quick.framework in Embed Frameworks */ = {isa = PBXBuildFile; fileRef = 354AD5841F8A659800B18FAE /* Quick.framework */; settings = {ATTRIBUTES = (CodeSignOnCopy, RemoveHeadersOnCopy, ); }; };
		35B7422F1F82A5E000829B21 /* Nimble.framework in Embed Frameworks */ = {isa = PBXBuildFile; fileRef = 35B7422D1F82A5DF00829B21 /* Nimble.framework */; settings = {ATTRIBUTES = (CodeSignOnCopy, RemoveHeadersOnCopy, ); }; };
		35B742301F82A5E000829B21 /* Quick.framework in Embed Frameworks */ = {isa = PBXBuildFile; fileRef = 35B7422E1F82A5E000829B21 /* Quick.framework */; settings = {ATTRIBUTES = (CodeSignOnCopy, RemoveHeadersOnCopy, ); }; };
		35B742311F82A5EC00829B21 /* Nimble.framework in Frameworks */ = {isa = PBXBuildFile; fileRef = 35B7422D1F82A5DF00829B21 /* Nimble.framework */; };
		35B742321F82A5EC00829B21 /* Quick.framework in Frameworks */ = {isa = PBXBuildFile; fileRef = 35B7422E1F82A5E000829B21 /* Quick.framework */; };
		D0026B862264A73C00141B61 /* AppDelegate.swift in Sources */ = {isa = PBXBuildFile; fileRef = D0026B852264A73C00141B61 /* AppDelegate.swift */; };
		D0026B882264A73C00141B61 /* LineChartViewController.swift in Sources */ = {isa = PBXBuildFile; fileRef = D0026B872264A73C00141B61 /* LineChartViewController.swift */; };
		D0026B8B2264A73C00141B61 /* Main.storyboard in Resources */ = {isa = PBXBuildFile; fileRef = D0026B892264A73C00141B61 /* Main.storyboard */; };
		D0026B8D2264A73F00141B61 /* Assets.xcassets in Resources */ = {isa = PBXBuildFile; fileRef = D0026B8C2264A73F00141B61 /* Assets.xcassets */; };
		D0026B902264A73F00141B61 /* LaunchScreen.storyboard in Resources */ = {isa = PBXBuildFile; fileRef = D0026B8E2264A73F00141B61 /* LaunchScreen.storyboard */; };
		D0026B952264A77F00141B61 /* MLLineChart.framework in Frameworks */ = {isa = PBXBuildFile; fileRef = 3549BB211DA389CD00C63030 /* MLLineChart.framework */; };
		D0026B962264A77F00141B61 /* MLLineChart.framework in Embed Frameworks */ = {isa = PBXBuildFile; fileRef = 3549BB211DA389CD00C63030 /* MLLineChart.framework */; settings = {ATTRIBUTES = (CodeSignOnCopy, RemoveHeadersOnCopy, ); }; };
		D0026B9B2264AB6200141B61 /* LineDotChartViewController.swift in Sources */ = {isa = PBXBuildFile; fileRef = D0026B9A2264AB6200141B61 /* LineDotChartViewController.swift */; };
		D0026BA12264ACAB00141B61 /* ViewConfiguration.swift in Sources */ = {isa = PBXBuildFile; fileRef = D0026BA02264ACAB00141B61 /* ViewConfiguration.swift */; };
		D052043521FB529D00C0C4A0 /* MLLineChart.swift in Sources */ = {isa = PBXBuildFile; fileRef = D052043421FB529D00C0C4A0 /* MLLineChart.swift */; };
		D052043C21FB52F900C0C4A0 /* MLCurveAlgorithm.swift in Sources */ = {isa = PBXBuildFile; fileRef = D052043621FB52F800C0C4A0 /* MLCurveAlgorithm.swift */; };
		D052043D21FB52F900C0C4A0 /* MLCurveAlgorithm.swift in Sources */ = {isa = PBXBuildFile; fileRef = D052043621FB52F800C0C4A0 /* MLCurveAlgorithm.swift */; };
		D052043E21FB52F900C0C4A0 /* MLHelpers.swift in Sources */ = {isa = PBXBuildFile; fileRef = D052043721FB52F800C0C4A0 /* MLHelpers.swift */; };
		D052043F21FB52F900C0C4A0 /* MLHelpers.swift in Sources */ = {isa = PBXBuildFile; fileRef = D052043721FB52F800C0C4A0 /* MLHelpers.swift */; };
		D052044021FB52F900C0C4A0 /* MLAlignment.swift in Sources */ = {isa = PBXBuildFile; fileRef = D052043821FB52F800C0C4A0 /* MLAlignment.swift */; };
		D052044121FB52F900C0C4A0 /* MLAlignment.swift in Sources */ = {isa = PBXBuildFile; fileRef = D052043821FB52F800C0C4A0 /* MLAlignment.swift */; };
		D052044221FB52F900C0C4A0 /* MLPointEntry.swift in Sources */ = {isa = PBXBuildFile; fileRef = D052043921FB52F800C0C4A0 /* MLPointEntry.swift */; };
		D052044321FB52F900C0C4A0 /* MLPointEntry.swift in Sources */ = {isa = PBXBuildFile; fileRef = D052043921FB52F800C0C4A0 /* MLPointEntry.swift */; };
		D052044421FB52F900C0C4A0 /* MLAnimateLayer.swift in Sources */ = {isa = PBXBuildFile; fileRef = D052043A21FB52F800C0C4A0 /* MLAnimateLayer.swift */; };
		D052044521FB52F900C0C4A0 /* MLAnimateLayer.swift in Sources */ = {isa = PBXBuildFile; fileRef = D052043A21FB52F800C0C4A0 /* MLAnimateLayer.swift */; };
		D052044621FB52F900C0C4A0 /* MLDataController.swift in Sources */ = {isa = PBXBuildFile; fileRef = D052043B21FB52F900C0C4A0 /* MLDataController.swift */; };
		D052044721FB52F900C0C4A0 /* MLDataController.swift in Sources */ = {isa = PBXBuildFile; fileRef = D052043B21FB52F900C0C4A0 /* MLDataController.swift */; };
		D052044D21FB53F600C0C4A0 /* MLDotLayer.swift in Sources */ = {isa = PBXBuildFile; fileRef = D052044821FB53F600C0C4A0 /* MLDotLayer.swift */; };
		D052044E21FB53F600C0C4A0 /* MLDotLayer.swift in Sources */ = {isa = PBXBuildFile; fileRef = D052044821FB53F600C0C4A0 /* MLDotLayer.swift */; };
		D052044F21FB53F600C0C4A0 /* MLLabelView.swift in Sources */ = {isa = PBXBuildFile; fileRef = D052044921FB53F600C0C4A0 /* MLLabelView.swift */; };
		D052045021FB53F600C0C4A0 /* MLLabelView.swift in Sources */ = {isa = PBXBuildFile; fileRef = D052044921FB53F600C0C4A0 /* MLLabelView.swift */; };
		D052045121FB53F600C0C4A0 /* MLLayersShadow.swift in Sources */ = {isa = PBXBuildFile; fileRef = D052044A21FB53F600C0C4A0 /* MLLayersShadow.swift */; };
		D052045221FB53F600C0C4A0 /* MLLayersShadow.swift in Sources */ = {isa = PBXBuildFile; fileRef = D052044A21FB53F600C0C4A0 /* MLLayersShadow.swift */; };
		D052045321FB53F600C0C4A0 /* MLBubbleView.swift in Sources */ = {isa = PBXBuildFile; fileRef = D052044B21FB53F600C0C4A0 /* MLBubbleView.swift */; };
		D052045421FB53F600C0C4A0 /* MLBubbleView.swift in Sources */ = {isa = PBXBuildFile; fileRef = D052044B21FB53F600C0C4A0 /* MLBubbleView.swift */; };
		D052045521FB53F600C0C4A0 /* MLAxisLine.swift in Sources */ = {isa = PBXBuildFile; fileRef = D052044C21FB53F600C0C4A0 /* MLAxisLine.swift */; };
		D052045621FB53F600C0C4A0 /* MLAxisLine.swift in Sources */ = {isa = PBXBuildFile; fileRef = D052044C21FB53F600C0C4A0 /* MLAxisLine.swift */; };
		D052045B21FB54FF00C0C4A0 /* MLDotConfig.swift in Sources */ = {isa = PBXBuildFile; fileRef = D052045721FB54FF00C0C4A0 /* MLDotConfig.swift */; };
		D052045C21FB54FF00C0C4A0 /* MLDotConfig.swift in Sources */ = {isa = PBXBuildFile; fileRef = D052045721FB54FF00C0C4A0 /* MLDotConfig.swift */; };
		D052045D21FB54FF00C0C4A0 /* MLLabelConfig.swift in Sources */ = {isa = PBXBuildFile; fileRef = D052045821FB54FF00C0C4A0 /* MLLabelConfig.swift */; };
		D052045E21FB54FF00C0C4A0 /* MLLabelConfig.swift in Sources */ = {isa = PBXBuildFile; fileRef = D052045821FB54FF00C0C4A0 /* MLLabelConfig.swift */; };
		D052045F21FB54FF00C0C4A0 /* MLBubbleConfig.swift in Sources */ = {isa = PBXBuildFile; fileRef = D052045921FB54FF00C0C4A0 /* MLBubbleConfig.swift */; };
		D052046021FB54FF00C0C4A0 /* MLBubbleConfig.swift in Sources */ = {isa = PBXBuildFile; fileRef = D052045921FB54FF00C0C4A0 /* MLBubbleConfig.swift */; };
		D052046121FB54FF00C0C4A0 /* MLTextConfig.swift in Sources */ = {isa = PBXBuildFile; fileRef = D052045A21FB54FF00C0C4A0 /* MLTextConfig.swift */; };
		D052046221FB54FF00C0C4A0 /* MLTextConfig.swift in Sources */ = {isa = PBXBuildFile; fileRef = D052045A21FB54FF00C0C4A0 /* MLTextConfig.swift */; };
		D052046621FB55AA00C0C4A0 /* MLUIView+Borders.swift in Sources */ = {isa = PBXBuildFile; fileRef = D052046321FB55A900C0C4A0 /* MLUIView+Borders.swift */; };
		D052046721FB55AA00C0C4A0 /* MLUIView+Borders.swift in Sources */ = {isa = PBXBuildFile; fileRef = D052046321FB55A900C0C4A0 /* MLUIView+Borders.swift */; };
		D052046821FB55AA00C0C4A0 /* MLUIView+tapGesture.swift in Sources */ = {isa = PBXBuildFile; fileRef = D052046421FB55A900C0C4A0 /* MLUIView+tapGesture.swift */; };
		D052046921FB55AA00C0C4A0 /* MLUIView+tapGesture.swift in Sources */ = {isa = PBXBuildFile; fileRef = D052046421FB55A900C0C4A0 /* MLUIView+tapGesture.swift */; };
		D052046A21FB55AA00C0C4A0 /* NSObject+className.swift in Sources */ = {isa = PBXBuildFile; fileRef = D052046521FB55A900C0C4A0 /* NSObject+className.swift */; };
		D052046B21FB55AA00C0C4A0 /* NSObject+className.swift in Sources */ = {isa = PBXBuildFile; fileRef = D052046521FB55A900C0C4A0 /* NSObject+className.swift */; };
		D052046D21FB578000C0C4A0 /* MLDelegate.swift in Sources */ = {isa = PBXBuildFile; fileRef = D052046C21FB578000C0C4A0 /* MLDelegate.swift */; };
/* End PBXBuildFile section */

/* Begin PBXContainerItemProxy section */
		3549BB671DA38ADB00C63030 /* PBXContainerItemProxy */ = {
			isa = PBXContainerItemProxy;
			containerPortal = 3549BAFC1DA387DB00C63030 /* Project object */;
			proxyType = 1;
			remoteGlobalIDString = 3549BB201DA389CD00C63030;
			remoteInfo = "MLLineChart-iOS";
		};
		3549BB761DA38AEF00C63030 /* PBXContainerItemProxy */ = {
			isa = PBXContainerItemProxy;
			containerPortal = 3549BAFC1DA387DB00C63030 /* Project object */;
			proxyType = 1;
			remoteGlobalIDString = 3549BB471DA389F300C63030;
			remoteInfo = "MLLineChart-tvOS";
		};
		D0026B972264A77F00141B61 /* PBXContainerItemProxy */ = {
			isa = PBXContainerItemProxy;
			containerPortal = 3549BAFC1DA387DB00C63030 /* Project object */;
			proxyType = 1;
			remoteGlobalIDString = 3549BB201DA389CD00C63030;
			remoteInfo = "MLLineChart-iOS";
		};
/* End PBXContainerItemProxy section */

/* Begin PBXCopyFilesBuildPhase section */
		35B7422C1F82A2C700829B21 /* Embed Frameworks */ = {
			isa = PBXCopyFilesBuildPhase;
			buildActionMask = 2147483647;
			dstPath = "";
			dstSubfolderSpec = 10;
			files = (
				35B7422F1F82A5E000829B21 /* Nimble.framework in Embed Frameworks */,
				35B742301F82A5E000829B21 /* Quick.framework in Embed Frameworks */,
			);
			name = "Embed Frameworks";
			runOnlyForDeploymentPostprocessing = 0;
		};
		35B7423A1F82A63600829B21 /* Embed Frameworks */ = {
			isa = PBXCopyFilesBuildPhase;
			buildActionMask = 2147483647;
			dstPath = "";
			dstSubfolderSpec = 10;
			files = (
				354AD5881F8A65B500B18FAE /* Nimble.framework in Embed Frameworks */,
				354AD5891F8A65B500B18FAE /* Quick.framework in Embed Frameworks */,
			);
			name = "Embed Frameworks";
			runOnlyForDeploymentPostprocessing = 0;
		};
		D0026B992264A77F00141B61 /* Embed Frameworks */ = {
			isa = PBXCopyFilesBuildPhase;
			buildActionMask = 2147483647;
			dstPath = "";
			dstSubfolderSpec = 10;
			files = (
				D0026B962264A77F00141B61 /* MLLineChart.framework in Embed Frameworks */,
			);
			name = "Embed Frameworks";
			runOnlyForDeploymentPostprocessing = 0;
		};
/* End PBXCopyFilesBuildPhase section */

/* Begin PBXFileReference section */
		3549BB171DA3890B00C63030 /* Info.plist */ = {isa = PBXFileReference; fileEncoding = 4; lastKnownFileType = text.plist.xml; path = Info.plist; sourceTree = "<group>"; };
		3549BB181DA3890B00C63030 /* MLLineChart.h */ = {isa = PBXFileReference; fileEncoding = 4; lastKnownFileType = sourcecode.c.h; path = MLLineChart.h; sourceTree = "<group>"; };
		3549BB211DA389CD00C63030 /* MLLineChart.framework */ = {isa = PBXFileReference; explicitFileType = wrapper.framework; includeInIndex = 0; path = MLLineChart.framework; sourceTree = BUILT_PRODUCTS_DIR; };
		3549BB481DA389F300C63030 /* MLLineChart.framework */ = {isa = PBXFileReference; explicitFileType = wrapper.framework; includeInIndex = 0; path = MLLineChart.framework; sourceTree = BUILT_PRODUCTS_DIR; };
		3549BB551DA38A5E00C63030 /* Info-tvOS.plist */ = {isa = PBXFileReference; fileEncoding = 4; lastKnownFileType = text.plist.xml; path = "Info-tvOS.plist"; sourceTree = "<group>"; };
		3549BB571DA38A8800C63030 /* Info-tvOS.plist */ = {isa = PBXFileReference; fileEncoding = 4; lastKnownFileType = text.plist.xml; path = "Info-tvOS.plist"; sourceTree = "<group>"; };
		3549BB581DA38A8800C63030 /* Info.plist */ = {isa = PBXFileReference; fileEncoding = 4; lastKnownFileType = text.plist.xml; path = Info.plist; sourceTree = "<group>"; };
		3549BB611DA38ADB00C63030 /* MLLineChartTests-iOS.xctest */ = {isa = PBXFileReference; explicitFileType = wrapper.cfbundle; includeInIndex = 0; path = "MLLineChartTests-iOS.xctest"; sourceTree = BUILT_PRODUCTS_DIR; };
		3549BB701DA38AEF00C63030 /* MLLineChartTests-tvOS.xctest */ = {isa = PBXFileReference; explicitFileType = wrapper.cfbundle; includeInIndex = 0; path = "MLLineChartTests-tvOS.xctest"; sourceTree = BUILT_PRODUCTS_DIR; };
		3549BB8A1DA38C0A00C63030 /* MLLineChartSpec.swift */ = {isa = PBXFileReference; fileEncoding = 4; lastKnownFileType = sourcecode.swift; path = MLLineChartSpec.swift; sourceTree = "<group>"; };
		354AD5841F8A659800B18FAE /* Quick.framework */ = {isa = PBXFileReference; lastKnownFileType = wrapper.framework; name = Quick.framework; path = Carthage/Build/tvOS/Quick.framework; sourceTree = "<group>"; };
		354AD5851F8A659800B18FAE /* Nimble.framework */ = {isa = PBXFileReference; lastKnownFileType = wrapper.framework; name = Nimble.framework; path = Carthage/Build/tvOS/Nimble.framework; sourceTree = "<group>"; };
		35B7422D1F82A5DF00829B21 /* Nimble.framework */ = {isa = PBXFileReference; lastKnownFileType = wrapper.framework; name = Nimble.framework; path = Carthage/Build/iOS/Nimble.framework; sourceTree = "<group>"; };
		35B7422E1F82A5E000829B21 /* Quick.framework */ = {isa = PBXFileReference; lastKnownFileType = wrapper.framework; name = Quick.framework; path = Carthage/Build/iOS/Quick.framework; sourceTree = "<group>"; };
		35B742341F82A61D00829B21 /* Nimble.framework */ = {isa = PBXFileReference; lastKnownFileType = wrapper.framework; name = Nimble.framework; path = Carthage/Build/Mac/Nimble.framework; sourceTree = "<group>"; };
		35B742351F82A61E00829B21 /* Quick.framework */ = {isa = PBXFileReference; lastKnownFileType = wrapper.framework; name = Quick.framework; path = Carthage/Build/Mac/Quick.framework; sourceTree = "<group>"; };
		D0026B832264A73C00141B61 /* MLLineChartDemo.app */ = {isa = PBXFileReference; explicitFileType = wrapper.application; includeInIndex = 0; path = MLLineChartDemo.app; sourceTree = BUILT_PRODUCTS_DIR; };
		D0026B852264A73C00141B61 /* AppDelegate.swift */ = {isa = PBXFileReference; lastKnownFileType = sourcecode.swift; path = AppDelegate.swift; sourceTree = "<group>"; };
		D0026B872264A73C00141B61 /* LineChartViewController.swift */ = {isa = PBXFileReference; lastKnownFileType = sourcecode.swift; path = LineChartViewController.swift; sourceTree = "<group>"; };
		D0026B8A2264A73C00141B61 /* Base */ = {isa = PBXFileReference; lastKnownFileType = file.storyboard; name = Base; path = Base.lproj/Main.storyboard; sourceTree = "<group>"; };
		D0026B8C2264A73F00141B61 /* Assets.xcassets */ = {isa = PBXFileReference; lastKnownFileType = folder.assetcatalog; path = Assets.xcassets; sourceTree = "<group>"; };
		D0026B8F2264A73F00141B61 /* Base */ = {isa = PBXFileReference; lastKnownFileType = file.storyboard; name = Base; path = Base.lproj/LaunchScreen.storyboard; sourceTree = "<group>"; };
		D0026B912264A73F00141B61 /* Info.plist */ = {isa = PBXFileReference; lastKnownFileType = text.plist.xml; path = Info.plist; sourceTree = "<group>"; };
		D0026B9A2264AB6200141B61 /* LineDotChartViewController.swift */ = {isa = PBXFileReference; lastKnownFileType = sourcecode.swift; path = LineDotChartViewController.swift; sourceTree = "<group>"; };
		D0026BA02264ACAB00141B61 /* ViewConfiguration.swift */ = {isa = PBXFileReference; lastKnownFileType = sourcecode.swift; path = ViewConfiguration.swift; sourceTree = "<group>"; };
		D052043421FB529D00C0C4A0 /* MLLineChart.swift */ = {isa = PBXFileReference; lastKnownFileType = sourcecode.swift; path = MLLineChart.swift; sourceTree = "<group>"; };
		D052043621FB52F800C0C4A0 /* MLCurveAlgorithm.swift */ = {isa = PBXFileReference; fileEncoding = 4; lastKnownFileType = sourcecode.swift; path = MLCurveAlgorithm.swift; sourceTree = "<group>"; };
		D052043721FB52F800C0C4A0 /* MLHelpers.swift */ = {isa = PBXFileReference; fileEncoding = 4; lastKnownFileType = sourcecode.swift; path = MLHelpers.swift; sourceTree = "<group>"; };
		D052043821FB52F800C0C4A0 /* MLAlignment.swift */ = {isa = PBXFileReference; fileEncoding = 4; lastKnownFileType = sourcecode.swift; path = MLAlignment.swift; sourceTree = "<group>"; };
		D052043921FB52F800C0C4A0 /* MLPointEntry.swift */ = {isa = PBXFileReference; fileEncoding = 4; lastKnownFileType = sourcecode.swift; path = MLPointEntry.swift; sourceTree = "<group>"; };
		D052043A21FB52F800C0C4A0 /* MLAnimateLayer.swift */ = {isa = PBXFileReference; fileEncoding = 4; lastKnownFileType = sourcecode.swift; path = MLAnimateLayer.swift; sourceTree = "<group>"; };
		D052043B21FB52F900C0C4A0 /* MLDataController.swift */ = {isa = PBXFileReference; fileEncoding = 4; lastKnownFileType = sourcecode.swift; path = MLDataController.swift; sourceTree = "<group>"; };
		D052044821FB53F600C0C4A0 /* MLDotLayer.swift */ = {isa = PBXFileReference; fileEncoding = 4; lastKnownFileType = sourcecode.swift; path = MLDotLayer.swift; sourceTree = "<group>"; };
		D052044921FB53F600C0C4A0 /* MLLabelView.swift */ = {isa = PBXFileReference; fileEncoding = 4; lastKnownFileType = sourcecode.swift; path = MLLabelView.swift; sourceTree = "<group>"; };
		D052044A21FB53F600C0C4A0 /* MLLayersShadow.swift */ = {isa = PBXFileReference; fileEncoding = 4; lastKnownFileType = sourcecode.swift; path = MLLayersShadow.swift; sourceTree = "<group>"; };
		D052044B21FB53F600C0C4A0 /* MLBubbleView.swift */ = {isa = PBXFileReference; fileEncoding = 4; lastKnownFileType = sourcecode.swift; path = MLBubbleView.swift; sourceTree = "<group>"; };
		D052044C21FB53F600C0C4A0 /* MLAxisLine.swift */ = {isa = PBXFileReference; fileEncoding = 4; lastKnownFileType = sourcecode.swift; path = MLAxisLine.swift; sourceTree = "<group>"; };
		D052045721FB54FF00C0C4A0 /* MLDotConfig.swift */ = {isa = PBXFileReference; fileEncoding = 4; lastKnownFileType = sourcecode.swift; path = MLDotConfig.swift; sourceTree = "<group>"; };
		D052045821FB54FF00C0C4A0 /* MLLabelConfig.swift */ = {isa = PBXFileReference; fileEncoding = 4; lastKnownFileType = sourcecode.swift; path = MLLabelConfig.swift; sourceTree = "<group>"; };
		D052045921FB54FF00C0C4A0 /* MLBubbleConfig.swift */ = {isa = PBXFileReference; fileEncoding = 4; lastKnownFileType = sourcecode.swift; path = MLBubbleConfig.swift; sourceTree = "<group>"; };
		D052045A21FB54FF00C0C4A0 /* MLTextConfig.swift */ = {isa = PBXFileReference; fileEncoding = 4; lastKnownFileType = sourcecode.swift; path = MLTextConfig.swift; sourceTree = "<group>"; };
		D052046321FB55A900C0C4A0 /* MLUIView+Borders.swift */ = {isa = PBXFileReference; fileEncoding = 4; lastKnownFileType = sourcecode.swift; path = "MLUIView+Borders.swift"; sourceTree = "<group>"; };
		D052046421FB55A900C0C4A0 /* MLUIView+tapGesture.swift */ = {isa = PBXFileReference; fileEncoding = 4; lastKnownFileType = sourcecode.swift; path = "MLUIView+tapGesture.swift"; sourceTree = "<group>"; };
		D052046521FB55A900C0C4A0 /* NSObject+className.swift */ = {isa = PBXFileReference; fileEncoding = 4; lastKnownFileType = sourcecode.swift; path = "NSObject+className.swift"; sourceTree = "<group>"; };
		D052046C21FB578000C0C4A0 /* MLDelegate.swift */ = {isa = PBXFileReference; fileEncoding = 4; lastKnownFileType = sourcecode.swift; path = MLDelegate.swift; sourceTree = "<group>"; };
		D095CB5E218748C70087BF05 /* ChartPlayground.playground */ = {isa = PBXFileReference; lastKnownFileType = file.playground; path = ChartPlayground.playground; sourceTree = SOURCE_ROOT; xcLanguageSpecificationIdentifier = xcode.lang.swift; };
/* End PBXFileReference section */

/* Begin PBXFrameworksBuildPhase section */
		3549BB1D1DA389CD00C63030 /* Frameworks */ = {
			isa = PBXFrameworksBuildPhase;
			buildActionMask = 2147483647;
			files = (
			);
			runOnlyForDeploymentPostprocessing = 0;
		};
		3549BB441DA389F300C63030 /* Frameworks */ = {
			isa = PBXFrameworksBuildPhase;
			buildActionMask = 2147483647;
			files = (
			);
			runOnlyForDeploymentPostprocessing = 0;
		};
		3549BB5E1DA38ADB00C63030 /* Frameworks */ = {
			isa = PBXFrameworksBuildPhase;
			buildActionMask = 2147483647;
			files = (
				35B742311F82A5EC00829B21 /* Nimble.framework in Frameworks */,
				35B742321F82A5EC00829B21 /* Quick.framework in Frameworks */,
				3549BB661DA38ADB00C63030 /* MLLineChart.framework in Frameworks */,
			);
			runOnlyForDeploymentPostprocessing = 0;
		};
		3549BB6D1DA38AEF00C63030 /* Frameworks */ = {
			isa = PBXFrameworksBuildPhase;
			buildActionMask = 2147483647;
			files = (
				354AD5861F8A659800B18FAE /* Quick.framework in Frameworks */,
				354AD5871F8A659800B18FAE /* Nimble.framework in Frameworks */,
				3549BB751DA38AEF00C63030 /* MLLineChart.framework in Frameworks */,
			);
			runOnlyForDeploymentPostprocessing = 0;
		};
		D0026B802264A73C00141B61 /* Frameworks */ = {
			isa = PBXFrameworksBuildPhase;
			buildActionMask = 2147483647;
			files = (
				D0026B952264A77F00141B61 /* MLLineChart.framework in Frameworks */,
			);
			runOnlyForDeploymentPostprocessing = 0;
		};
/* End PBXFrameworksBuildPhase section */

/* Begin PBXGroup section */
		3549BAFB1DA387DB00C63030 = {
			isa = PBXGroup;
			children = (
				D095CB5E218748C70087BF05 /* ChartPlayground.playground */,
				3549BB161DA3890B00C63030 /* Sources */,
				3549BB191DA3890B00C63030 /* Tests */,
				D0026B842264A73C00141B61 /* MLLineChartDemo */,
				3549BB061DA387DB00C63030 /* Products */,
				357D954B1DA3F2B400AEC55F /* Frameworks */,
			);
			sourceTree = "<group>";
		};
		3549BB061DA387DB00C63030 /* Products */ = {
			isa = PBXGroup;
			children = (
				3549BB211DA389CD00C63030 /* MLLineChart.framework */,
				3549BB481DA389F300C63030 /* MLLineChart.framework */,
				3549BB611DA38ADB00C63030 /* MLLineChartTests-iOS.xctest */,
				3549BB701DA38AEF00C63030 /* MLLineChartTests-tvOS.xctest */,
				D0026B832264A73C00141B61 /* MLLineChartDemo.app */,
			);
			name = Products;
			sourceTree = "<group>";
		};
		3549BB161DA3890B00C63030 /* Sources */ = {
			isa = PBXGroup;
			children = (
				359649011FB18CBF00FC7ADC /* Core */,
				3549BB541DA38A4000C63030 /* Supporting Files */,
			);
			path = Sources;
			sourceTree = "<group>";
		};
		3549BB191DA3890B00C63030 /* Tests */ = {
			isa = PBXGroup;
			children = (
				3549BB8A1DA38C0A00C63030 /* MLLineChartSpec.swift */,
				3549BB5B1DA38A8C00C63030 /* Supporting Files */,
			);
			path = Tests;
			sourceTree = "<group>";
		};
		3549BB541DA38A4000C63030 /* Supporting Files */ = {
			isa = PBXGroup;
			children = (
				3549BB181DA3890B00C63030 /* MLLineChart.h */,
				3549BB171DA3890B00C63030 /* Info.plist */,
				3549BB551DA38A5E00C63030 /* Info-tvOS.plist */,
			);
			name = "Supporting Files";
			sourceTree = "<group>";
		};
		3549BB5B1DA38A8C00C63030 /* Supporting Files */ = {
			isa = PBXGroup;
			children = (
				3549BB581DA38A8800C63030 /* Info.plist */,
				3549BB571DA38A8800C63030 /* Info-tvOS.plist */,
			);
			name = "Supporting Files";
			sourceTree = "<group>";
		};
		357D954B1DA3F2B400AEC55F /* Frameworks */ = {
			isa = PBXGroup;
			children = (
				35B742341F82A61D00829B21 /* Nimble.framework */,
				35B742351F82A61E00829B21 /* Quick.framework */,
				35B7422D1F82A5DF00829B21 /* Nimble.framework */,
				35B7422E1F82A5E000829B21 /* Quick.framework */,
				354AD5851F8A659800B18FAE /* Nimble.framework */,
				354AD5841F8A659800B18FAE /* Quick.framework */,
			);
			name = Frameworks;
			sourceTree = "<group>";
		};
		359649011FB18CBF00FC7ADC /* Core */ = {
			isa = PBXGroup;
			children = (
				D052043221FB525B00C0C4A0 /* Components */,
				D052043121FB524A00C0C4A0 /* Configs */,
				D052043021FB523800C0C4A0 /* Extensions */,
				D052043321FB526F00C0C4A0 /* Helpers */,
				D052043421FB529D00C0C4A0 /* MLLineChart.swift */,
				D052046C21FB578000C0C4A0 /* MLDelegate.swift */,
			);
			path = Core;
			sourceTree = "<group>";
		};
		D0026B842264A73C00141B61 /* MLLineChartDemo */ = {
			isa = PBXGroup;
			children = (
				D0026B9C2264AB7700141B61 /* Controllers */,
				D0026B9D2264AB8900141B61 /* Storyboards */,
				D0026B9E2264ABB000141B61 /* Supporting Files */,
				D0026B9F2264AC8600141B61 /* Views */,
			);
			path = MLLineChartDemo;
			sourceTree = "<group>";
		};
		D0026B9C2264AB7700141B61 /* Controllers */ = {
			isa = PBXGroup;
			children = (
				D0026B872264A73C00141B61 /* LineChartViewController.swift */,
				D0026B9A2264AB6200141B61 /* LineDotChartViewController.swift */,
			);
			path = Controllers;
			sourceTree = "<group>";
		};
		D0026B9D2264AB8900141B61 /* Storyboards */ = {
			isa = PBXGroup;
			children = (
				D0026B892264A73C00141B61 /* Main.storyboard */,
				D0026B8E2264A73F00141B61 /* LaunchScreen.storyboard */,
			);
			path = Storyboards;
			sourceTree = "<group>";
		};
		D0026B9E2264ABB000141B61 /* Supporting Files */ = {
			isa = PBXGroup;
			children = (
				D0026B852264A73C00141B61 /* AppDelegate.swift */,
				D0026B8C2264A73F00141B61 /* Assets.xcassets */,
				D0026B912264A73F00141B61 /* Info.plist */,
			);
			path = "Supporting Files";
			sourceTree = "<group>";
		};
		D0026B9F2264AC8600141B61 /* Views */ = {
			isa = PBXGroup;
			children = (
				D0026BA02264ACAB00141B61 /* ViewConfiguration.swift */,
			);
			path = Views;
			sourceTree = "<group>";
		};
		D052043021FB523800C0C4A0 /* Extensions */ = {
			isa = PBXGroup;
			children = (
				D052046321FB55A900C0C4A0 /* MLUIView+Borders.swift */,
				D052046421FB55A900C0C4A0 /* MLUIView+tapGesture.swift */,
				D052046521FB55A900C0C4A0 /* NSObject+className.swift */,
			);
			path = Extensions;
			sourceTree = "<group>";
		};
		D052043121FB524A00C0C4A0 /* Configs */ = {
			isa = PBXGroup;
			children = (
				D052045921FB54FF00C0C4A0 /* MLBubbleConfig.swift */,
				D052045721FB54FF00C0C4A0 /* MLDotConfig.swift */,
				D052045821FB54FF00C0C4A0 /* MLLabelConfig.swift */,
				D052045A21FB54FF00C0C4A0 /* MLTextConfig.swift */,
			);
			path = Configs;
			sourceTree = "<group>";
		};
		D052043221FB525B00C0C4A0 /* Components */ = {
			isa = PBXGroup;
			children = (
				D052044C21FB53F600C0C4A0 /* MLAxisLine.swift */,
				D052044B21FB53F600C0C4A0 /* MLBubbleView.swift */,
				D052044821FB53F600C0C4A0 /* MLDotLayer.swift */,
				D052044921FB53F600C0C4A0 /* MLLabelView.swift */,
				D052044A21FB53F600C0C4A0 /* MLLayersShadow.swift */,
			);
			path = Components;
			sourceTree = "<group>";
		};
		D052043321FB526F00C0C4A0 /* Helpers */ = {
			isa = PBXGroup;
			children = (
				D052043821FB52F800C0C4A0 /* MLAlignment.swift */,
				D052043A21FB52F800C0C4A0 /* MLAnimateLayer.swift */,
				D052043621FB52F800C0C4A0 /* MLCurveAlgorithm.swift */,
				D052043B21FB52F900C0C4A0 /* MLDataController.swift */,
				D052043721FB52F800C0C4A0 /* MLHelpers.swift */,
				D052043921FB52F800C0C4A0 /* MLPointEntry.swift */,
			);
			path = Helpers;
			sourceTree = "<group>";
		};
/* End PBXGroup section */

/* Begin PBXHeadersBuildPhase section */
		3549BB1E1DA389CD00C63030 /* Headers */ = {
			isa = PBXHeadersBuildPhase;
			buildActionMask = 2147483647;
			files = (
				3549BB501DA38A2000C63030 /* MLLineChart.h in Headers */,
			);
			runOnlyForDeploymentPostprocessing = 0;
		};
		3549BB451DA389F300C63030 /* Headers */ = {
			isa = PBXHeadersBuildPhase;
			buildActionMask = 2147483647;
			files = (
				3549BB511DA38A2000C63030 /* MLLineChart.h in Headers */,
			);
			runOnlyForDeploymentPostprocessing = 0;
		};
/* End PBXHeadersBuildPhase section */

/* Begin PBXNativeTarget section */
		3549BB201DA389CD00C63030 /* MLLineChart-iOS */ = {
			isa = PBXNativeTarget;
			buildConfigurationList = 3549BB261DA389CD00C63030 /* Build configuration list for PBXNativeTarget "MLLineChart-iOS" */;
			buildPhases = (
				3549BB1C1DA389CD00C63030 /* Sources */,
				3549BB1D1DA389CD00C63030 /* Frameworks */,
				3549BB1E1DA389CD00C63030 /* Headers */,
				3549BB1F1DA389CD00C63030 /* Resources */,
			);
			buildRules = (
			);
			dependencies = (
			);
			name = "MLLineChart-iOS";
			productName = "MLLineChart-iOS";
			productReference = 3549BB211DA389CD00C63030 /* MLLineChart.framework */;
			productType = "com.apple.product-type.framework";
		};
		3549BB471DA389F300C63030 /* MLLineChart-tvOS */ = {
			isa = PBXNativeTarget;
			buildConfigurationList = 3549BB4D1DA389F300C63030 /* Build configuration list for PBXNativeTarget "MLLineChart-tvOS" */;
			buildPhases = (
				3549BB431DA389F300C63030 /* Sources */,
				3549BB441DA389F300C63030 /* Frameworks */,
				3549BB451DA389F300C63030 /* Headers */,
				3549BB461DA389F300C63030 /* Resources */,
			);
			buildRules = (
			);
			dependencies = (
			);
			name = "MLLineChart-tvOS";
			productName = "MLLineChart-tvOS";
			productReference = 3549BB481DA389F300C63030 /* MLLineChart.framework */;
			productType = "com.apple.product-type.framework";
		};
		3549BB601DA38ADB00C63030 /* MLLineChartTests-iOS */ = {
			isa = PBXNativeTarget;
			buildConfigurationList = 3549BB691DA38ADB00C63030 /* Build configuration list for PBXNativeTarget "MLLineChartTests-iOS" */;
			buildPhases = (
				3549BB5D1DA38ADB00C63030 /* Sources */,
				3549BB5E1DA38ADB00C63030 /* Frameworks */,
				3549BB5F1DA38ADB00C63030 /* Resources */,
				35B7422C1F82A2C700829B21 /* Embed Frameworks */,
			);
			buildRules = (
			);
			dependencies = (
				3549BB681DA38ADB00C63030 /* PBXTargetDependency */,
			);
			name = "MLLineChartTests-iOS";
			productName = "MLLineChartTests-iOS";
			productReference = 3549BB611DA38ADB00C63030 /* MLLineChartTests-iOS.xctest */;
			productType = "com.apple.product-type.bundle.unit-test";
		};
		3549BB6F1DA38AEF00C63030 /* MLLineChartTests-tvOS */ = {
			isa = PBXNativeTarget;
			buildConfigurationList = 3549BB781DA38AEF00C63030 /* Build configuration list for PBXNativeTarget "MLLineChartTests-tvOS" */;
			buildPhases = (
				3549BB6C1DA38AEF00C63030 /* Sources */,
				3549BB6D1DA38AEF00C63030 /* Frameworks */,
				3549BB6E1DA38AEF00C63030 /* Resources */,
				35B7423A1F82A63600829B21 /* Embed Frameworks */,
			);
			buildRules = (
			);
			dependencies = (
				3549BB771DA38AEF00C63030 /* PBXTargetDependency */,
			);
			name = "MLLineChartTests-tvOS";
			productName = "MLLineChartTests-tvOS";
			productReference = 3549BB701DA38AEF00C63030 /* MLLineChartTests-tvOS.xctest */;
			productType = "com.apple.product-type.bundle.unit-test";
		};
		D0026B822264A73C00141B61 /* MLLineChartDemo */ = {
			isa = PBXNativeTarget;
			buildConfigurationList = D0026B942264A73F00141B61 /* Build configuration list for PBXNativeTarget "MLLineChartDemo" */;
			buildPhases = (
				D0026B7F2264A73C00141B61 /* Sources */,
				D0026B802264A73C00141B61 /* Frameworks */,
				D0026B812264A73C00141B61 /* Resources */,
				D0026B992264A77F00141B61 /* Embed Frameworks */,
			);
			buildRules = (
			);
			dependencies = (
				D0026B982264A77F00141B61 /* PBXTargetDependency */,
			);
			name = MLLineChartDemo;
			productName = MLLineChartDemo;
			productReference = D0026B832264A73C00141B61 /* MLLineChartDemo.app */;
			productType = "com.apple.product-type.application";
		};
/* End PBXNativeTarget section */

/* Begin PBXProject section */
		3549BAFC1DA387DB00C63030 /* Project object */ = {
			isa = PBXProject;
			attributes = {
				LastSwiftUpdateCheck = 1020;
				LastUpgradeCheck = 1020;
				ORGANIZATIONNAME = micheltlutz;
				TargetAttributes = {
					3549BB201DA389CD00C63030 = {
						CreatedOnToolsVersion = 8.0;
						DevelopmentTeam = 2L8WPWWVB6;
						LastSwiftMigration = 0900;
						ProvisioningStyle = Automatic;
					};
					3549BB471DA389F300C63030 = {
						CreatedOnToolsVersion = 8.0;
						LastSwiftMigration = 0900;
						ProvisioningStyle = Automatic;
					};
					3549BB601DA38ADB00C63030 = {
						CreatedOnToolsVersion = 8.0;
						LastSwiftMigration = 0900;
						ProvisioningStyle = Automatic;
					};
					3549BB6F1DA38AEF00C63030 = {
						CreatedOnToolsVersion = 8.0;
						LastSwiftMigration = 0900;
						ProvisioningStyle = Automatic;
					};
					D0026B822264A73C00141B61 = {
						CreatedOnToolsVersion = 10.2;
						ProvisioningStyle = Automatic;
					};
				};
			};
			buildConfigurationList = 3549BAFF1DA387DB00C63030 /* Build configuration list for PBXProject "MLLineChart" */;
			compatibilityVersion = "Xcode 3.2";
			developmentRegion = en;
			hasScannedForEncodings = 0;
			knownRegions = (
				en,
				Base,
			);
			mainGroup = 3549BAFB1DA387DB00C63030;
			productRefGroup = 3549BB061DA387DB00C63030 /* Products */;
			projectDirPath = "";
			projectRoot = "";
			targets = (
				3549BB201DA389CD00C63030 /* MLLineChart-iOS */,
				3549BB601DA38ADB00C63030 /* MLLineChartTests-iOS */,
				3549BB471DA389F300C63030 /* MLLineChart-tvOS */,
				3549BB6F1DA38AEF00C63030 /* MLLineChartTests-tvOS */,
				D0026B822264A73C00141B61 /* MLLineChartDemo */,
			);
		};
/* End PBXProject section */

/* Begin PBXResourcesBuildPhase section */
		3549BB1F1DA389CD00C63030 /* Resources */ = {
			isa = PBXResourcesBuildPhase;
			buildActionMask = 2147483647;
			files = (
			);
			runOnlyForDeploymentPostprocessing = 0;
		};
		3549BB461DA389F300C63030 /* Resources */ = {
			isa = PBXResourcesBuildPhase;
			buildActionMask = 2147483647;
			files = (
			);
			runOnlyForDeploymentPostprocessing = 0;
		};
		3549BB5F1DA38ADB00C63030 /* Resources */ = {
			isa = PBXResourcesBuildPhase;
			buildActionMask = 2147483647;
			files = (
			);
			runOnlyForDeploymentPostprocessing = 0;
		};
		3549BB6E1DA38AEF00C63030 /* Resources */ = {
			isa = PBXResourcesBuildPhase;
			buildActionMask = 2147483647;
			files = (
			);
			runOnlyForDeploymentPostprocessing = 0;
		};
		D0026B812264A73C00141B61 /* Resources */ = {
			isa = PBXResourcesBuildPhase;
			buildActionMask = 2147483647;
			files = (
				D0026B902264A73F00141B61 /* LaunchScreen.storyboard in Resources */,
				D0026B8D2264A73F00141B61 /* Assets.xcassets in Resources */,
				D0026B8B2264A73C00141B61 /* Main.storyboard in Resources */,
			);
			runOnlyForDeploymentPostprocessing = 0;
		};
/* End PBXResourcesBuildPhase section */

/* Begin PBXSourcesBuildPhase section */
		3549BB1C1DA389CD00C63030 /* Sources */ = {
			isa = PBXSourcesBuildPhase;
			buildActionMask = 2147483647;
			files = (
				D052043E21FB52F900C0C4A0 /* MLHelpers.swift in Sources */,
				D052044F21FB53F600C0C4A0 /* MLLabelView.swift in Sources */,
				D052045321FB53F600C0C4A0 /* MLBubbleView.swift in Sources */,
				D052046821FB55AA00C0C4A0 /* MLUIView+tapGesture.swift in Sources */,
				D052045D21FB54FF00C0C4A0 /* MLLabelConfig.swift in Sources */,
				D052044621FB52F900C0C4A0 /* MLDataController.swift in Sources */,
				D052044221FB52F900C0C4A0 /* MLPointEntry.swift in Sources */,
				D052046A21FB55AA00C0C4A0 /* NSObject+className.swift in Sources */,
				D052045B21FB54FF00C0C4A0 /* MLDotConfig.swift in Sources */,
				D052045521FB53F600C0C4A0 /* MLAxisLine.swift in Sources */,
				D052043C21FB52F900C0C4A0 /* MLCurveAlgorithm.swift in Sources */,
				D052044D21FB53F600C0C4A0 /* MLDotLayer.swift in Sources */,
				D052045121FB53F600C0C4A0 /* MLLayersShadow.swift in Sources */,
				D052044021FB52F900C0C4A0 /* MLAlignment.swift in Sources */,
				D052045F21FB54FF00C0C4A0 /* MLBubbleConfig.swift in Sources */,
				D052046121FB54FF00C0C4A0 /* MLTextConfig.swift in Sources */,
				D052046621FB55AA00C0C4A0 /* MLUIView+Borders.swift in Sources */,
				D052043521FB529D00C0C4A0 /* MLLineChart.swift in Sources */,
				D052044421FB52F900C0C4A0 /* MLAnimateLayer.swift in Sources */,
				D052046D21FB578000C0C4A0 /* MLDelegate.swift in Sources */,
			);
			runOnlyForDeploymentPostprocessing = 0;
		};
		3549BB431DA389F300C63030 /* Sources */ = {
			isa = PBXSourcesBuildPhase;
			buildActionMask = 2147483647;
			files = (
				D052044521FB52F900C0C4A0 /* MLAnimateLayer.swift in Sources */,
				D052046B21FB55AA00C0C4A0 /* NSObject+className.swift in Sources */,
				D052044121FB52F900C0C4A0 /* MLAlignment.swift in Sources */,
				D052045C21FB54FF00C0C4A0 /* MLDotConfig.swift in Sources */,
				D052043F21FB52F900C0C4A0 /* MLHelpers.swift in Sources */,
				D052046221FB54FF00C0C4A0 /* MLTextConfig.swift in Sources */,
				D052045621FB53F600C0C4A0 /* MLAxisLine.swift in Sources */,
				D052044E21FB53F600C0C4A0 /* MLDotLayer.swift in Sources */,
				D052046021FB54FF00C0C4A0 /* MLBubbleConfig.swift in Sources */,
				D052046921FB55AA00C0C4A0 /* MLUIView+tapGesture.swift in Sources */,
				D052045021FB53F600C0C4A0 /* MLLabelView.swift in Sources */,
				D052045421FB53F600C0C4A0 /* MLBubbleView.swift in Sources */,
				D052044321FB52F900C0C4A0 /* MLPointEntry.swift in Sources */,
				D052046721FB55AA00C0C4A0 /* MLUIView+Borders.swift in Sources */,
				D052045221FB53F600C0C4A0 /* MLLayersShadow.swift in Sources */,
				D052044721FB52F900C0C4A0 /* MLDataController.swift in Sources */,
				D052043D21FB52F900C0C4A0 /* MLCurveAlgorithm.swift in Sources */,
				D052045E21FB54FF00C0C4A0 /* MLLabelConfig.swift in Sources */,
			);
			runOnlyForDeploymentPostprocessing = 0;
		};
		3549BB5D1DA38ADB00C63030 /* Sources */ = {
			isa = PBXSourcesBuildPhase;
			buildActionMask = 2147483647;
			files = (
				3549BB8B1DA38C0A00C63030 /* MLLineChartSpec.swift in Sources */,
			);
			runOnlyForDeploymentPostprocessing = 0;
		};
		3549BB6C1DA38AEF00C63030 /* Sources */ = {
			isa = PBXSourcesBuildPhase;
			buildActionMask = 2147483647;
			files = (
				3549BB8D1DA38C0A00C63030 /* MLLineChartSpec.swift in Sources */,
			);
			runOnlyForDeploymentPostprocessing = 0;
		};
		D0026B7F2264A73C00141B61 /* Sources */ = {
			isa = PBXSourcesBuildPhase;
			buildActionMask = 2147483647;
			files = (
				D0026B882264A73C00141B61 /* LineChartViewController.swift in Sources */,
				D0026BA12264ACAB00141B61 /* ViewConfiguration.swift in Sources */,
				D0026B862264A73C00141B61 /* AppDelegate.swift in Sources */,
				D0026B9B2264AB6200141B61 /* LineDotChartViewController.swift in Sources */,
			);
			runOnlyForDeploymentPostprocessing = 0;
		};
/* End PBXSourcesBuildPhase section */

/* Begin PBXTargetDependency section */
		3549BB681DA38ADB00C63030 /* PBXTargetDependency */ = {
			isa = PBXTargetDependency;
			target = 3549BB201DA389CD00C63030 /* MLLineChart-iOS */;
			targetProxy = 3549BB671DA38ADB00C63030 /* PBXContainerItemProxy */;
		};
		3549BB771DA38AEF00C63030 /* PBXTargetDependency */ = {
			isa = PBXTargetDependency;
			target = 3549BB471DA389F300C63030 /* MLLineChart-tvOS */;
			targetProxy = 3549BB761DA38AEF00C63030 /* PBXContainerItemProxy */;
		};
		D0026B982264A77F00141B61 /* PBXTargetDependency */ = {
			isa = PBXTargetDependency;
			target = 3549BB201DA389CD00C63030 /* MLLineChart-iOS */;
			targetProxy = D0026B972264A77F00141B61 /* PBXContainerItemProxy */;
		};
/* End PBXTargetDependency section */

/* Begin PBXVariantGroup section */
		D0026B892264A73C00141B61 /* Main.storyboard */ = {
			isa = PBXVariantGroup;
			children = (
				D0026B8A2264A73C00141B61 /* Base */,
			);
			name = Main.storyboard;
			sourceTree = "<group>";
		};
		D0026B8E2264A73F00141B61 /* LaunchScreen.storyboard */ = {
			isa = PBXVariantGroup;
			children = (
				D0026B8F2264A73F00141B61 /* Base */,
			);
			name = LaunchScreen.storyboard;
			sourceTree = "<group>";
		};
/* End PBXVariantGroup section */

/* Begin XCBuildConfiguration section */
		3549BB0B1DA387DB00C63030 /* Debug */ = {
			isa = XCBuildConfiguration;
			buildSettings = {
				ALWAYS_SEARCH_USER_PATHS = NO;
				CLANG_ANALYZER_LOCALIZABILITY_NONLOCALIZED = YES;
				CLANG_ANALYZER_NONNULL = YES;
				CLANG_CXX_LANGUAGE_STANDARD = "gnu++0x";
				CLANG_CXX_LIBRARY = "libc++";
				CLANG_ENABLE_MODULES = YES;
				CLANG_ENABLE_OBJC_ARC = YES;
				CLANG_WARN_BLOCK_CAPTURE_AUTORELEASING = YES;
				CLANG_WARN_BOOL_CONVERSION = YES;
				CLANG_WARN_COMMA = YES;
				CLANG_WARN_CONSTANT_CONVERSION = YES;
				CLANG_WARN_DEPRECATED_OBJC_IMPLEMENTATIONS = YES;
				CLANG_WARN_DIRECT_OBJC_ISA_USAGE = YES_ERROR;
				CLANG_WARN_DOCUMENTATION_COMMENTS = YES;
				CLANG_WARN_EMPTY_BODY = YES;
				CLANG_WARN_ENUM_CONVERSION = YES;
				CLANG_WARN_INFINITE_RECURSION = YES;
				CLANG_WARN_INT_CONVERSION = YES;
				CLANG_WARN_NON_LITERAL_NULL_CONVERSION = YES;
				CLANG_WARN_OBJC_IMPLICIT_RETAIN_SELF = YES;
				CLANG_WARN_OBJC_LITERAL_CONVERSION = YES;
				CLANG_WARN_OBJC_ROOT_CLASS = YES_ERROR;
				CLANG_WARN_RANGE_LOOP_ANALYSIS = YES;
				CLANG_WARN_STRICT_PROTOTYPES = YES;
				CLANG_WARN_SUSPICIOUS_MOVE = YES;
				CLANG_WARN_SUSPICIOUS_MOVES = YES;
				CLANG_WARN_UNREACHABLE_CODE = YES;
				CLANG_WARN__DUPLICATE_METHOD_MATCH = YES;
				COPY_PHASE_STRIP = NO;
				CURRENT_PROJECT_VERSION = 1;
				DEBUG_INFORMATION_FORMAT = dwarf;
				ENABLE_STRICT_OBJC_MSGSEND = YES;
				ENABLE_TESTABILITY = YES;
				GCC_C_LANGUAGE_STANDARD = gnu99;
				GCC_DYNAMIC_NO_PIC = NO;
				GCC_NO_COMMON_BLOCKS = YES;
				GCC_OPTIMIZATION_LEVEL = 0;
				GCC_PREPROCESSOR_DEFINITIONS = (
					"DEBUG=1",
					"$(inherited)",
				);
				GCC_WARN_64_TO_32_BIT_CONVERSION = YES;
				GCC_WARN_ABOUT_RETURN_TYPE = YES_ERROR;
				GCC_WARN_UNDECLARED_SELECTOR = YES;
				GCC_WARN_UNINITIALIZED_AUTOS = YES_AGGRESSIVE;
				GCC_WARN_UNUSED_FUNCTION = YES;
				GCC_WARN_UNUSED_VARIABLE = YES;
				IPHONEOS_DEPLOYMENT_TARGET = 10.0;
				MACOSX_DEPLOYMENT_TARGET = 10.10;
				MTL_ENABLE_DEBUG_INFO = YES;
				ONLY_ACTIVE_ARCH = YES;
				SDKROOT = iphoneos;
				SWIFT_ACTIVE_COMPILATION_CONDITIONS = DEBUG;
				SWIFT_OPTIMIZATION_LEVEL = "-Onone";
				SWIFT_SWIFT3_OBJC_INFERENCE = Off;
				SWIFT_VERSION = 5.0;
				TARGETED_DEVICE_FAMILY = "1,2";
				VERSIONING_SYSTEM = "apple-generic";
				VERSION_INFO_PREFIX = "";
			};
			name = Debug;
		};
		3549BB0C1DA387DB00C63030 /* Release */ = {
			isa = XCBuildConfiguration;
			buildSettings = {
				ALWAYS_SEARCH_USER_PATHS = NO;
				CLANG_ANALYZER_LOCALIZABILITY_NONLOCALIZED = YES;
				CLANG_ANALYZER_NONNULL = YES;
				CLANG_CXX_LANGUAGE_STANDARD = "gnu++0x";
				CLANG_CXX_LIBRARY = "libc++";
				CLANG_ENABLE_MODULES = YES;
				CLANG_ENABLE_OBJC_ARC = YES;
				CLANG_WARN_BLOCK_CAPTURE_AUTORELEASING = YES;
				CLANG_WARN_BOOL_CONVERSION = YES;
				CLANG_WARN_COMMA = YES;
				CLANG_WARN_CONSTANT_CONVERSION = YES;
				CLANG_WARN_DEPRECATED_OBJC_IMPLEMENTATIONS = YES;
				CLANG_WARN_DIRECT_OBJC_ISA_USAGE = YES_ERROR;
				CLANG_WARN_DOCUMENTATION_COMMENTS = YES;
				CLANG_WARN_EMPTY_BODY = YES;
				CLANG_WARN_ENUM_CONVERSION = YES;
				CLANG_WARN_INFINITE_RECURSION = YES;
				CLANG_WARN_INT_CONVERSION = YES;
				CLANG_WARN_NON_LITERAL_NULL_CONVERSION = YES;
				CLANG_WARN_OBJC_IMPLICIT_RETAIN_SELF = YES;
				CLANG_WARN_OBJC_LITERAL_CONVERSION = YES;
				CLANG_WARN_OBJC_ROOT_CLASS = YES_ERROR;
				CLANG_WARN_RANGE_LOOP_ANALYSIS = YES;
				CLANG_WARN_STRICT_PROTOTYPES = YES;
				CLANG_WARN_SUSPICIOUS_MOVE = YES;
				CLANG_WARN_SUSPICIOUS_MOVES = YES;
				CLANG_WARN_UNREACHABLE_CODE = YES;
				CLANG_WARN__DUPLICATE_METHOD_MATCH = YES;
				COPY_PHASE_STRIP = NO;
				CURRENT_PROJECT_VERSION = 1;
				DEBUG_INFORMATION_FORMAT = "dwarf-with-dsym";
				ENABLE_NS_ASSERTIONS = NO;
				ENABLE_STRICT_OBJC_MSGSEND = YES;
				GCC_C_LANGUAGE_STANDARD = gnu99;
				GCC_NO_COMMON_BLOCKS = YES;
				GCC_WARN_64_TO_32_BIT_CONVERSION = YES;
				GCC_WARN_ABOUT_RETURN_TYPE = YES_ERROR;
				GCC_WARN_UNDECLARED_SELECTOR = YES;
				GCC_WARN_UNINITIALIZED_AUTOS = YES_AGGRESSIVE;
				GCC_WARN_UNUSED_FUNCTION = YES;
				GCC_WARN_UNUSED_VARIABLE = YES;
				IPHONEOS_DEPLOYMENT_TARGET = 10.0;
				MACOSX_DEPLOYMENT_TARGET = 10.10;
				MTL_ENABLE_DEBUG_INFO = NO;
				SDKROOT = iphoneos;
				SWIFT_OPTIMIZATION_LEVEL = "-Owholemodule";
				SWIFT_SWIFT3_OBJC_INFERENCE = Off;
				SWIFT_VERSION = 5.0;
				TARGETED_DEVICE_FAMILY = "1,2";
				VALIDATE_PRODUCT = YES;
				VERSIONING_SYSTEM = "apple-generic";
				VERSION_INFO_PREFIX = "";
			};
			name = Release;
		};
		3549BB271DA389CD00C63030 /* Debug */ = {
			isa = XCBuildConfiguration;
			buildSettings = {
				CLANG_ENABLE_MODULES = YES;
				CODE_SIGN_IDENTITY = "iPhone Developer";
				DEFINES_MODULE = YES;
				DEVELOPMENT_TEAM = 2L8WPWWVB6;
				DYLIB_COMPATIBILITY_VERSION = 1;
				DYLIB_CURRENT_VERSION = 1;
				DYLIB_INSTALL_NAME_BASE = "@rpath";
				FRAMEWORK_SEARCH_PATHS = "$(inherited)";
				INFOPLIST_FILE = Sources/Info.plist;
				INSTALL_PATH = "$(LOCAL_LIBRARY_DIR)/Frameworks";
				IPHONEOS_DEPLOYMENT_TARGET = 10.0;
				LD_RUNPATH_SEARCH_PATHS = "$(inherited) @executable_path/Frameworks @loader_path/Frameworks";
				PRODUCT_BUNDLE_IDENTIFIER = me.micheltlutz.MLLineChart.MLLineChart;
				PRODUCT_NAME = MLLineChart;
				SKIP_INSTALL = YES;
				SWIFT_OPTIMIZATION_LEVEL = "-Onone";
				SWIFT_SWIFT3_OBJC_INFERENCE = Default;
				SWIFT_VERSION = 5.0;
			};
			name = Debug;
		};
		3549BB281DA389CD00C63030 /* Release */ = {
			isa = XCBuildConfiguration;
			buildSettings = {
				CLANG_ENABLE_MODULES = YES;
				CODE_SIGN_IDENTITY = "iPhone Developer";
				DEFINES_MODULE = YES;
				DEVELOPMENT_TEAM = 2L8WPWWVB6;
				DYLIB_COMPATIBILITY_VERSION = 1;
				DYLIB_CURRENT_VERSION = 1;
				DYLIB_INSTALL_NAME_BASE = "@rpath";
				FRAMEWORK_SEARCH_PATHS = "$(inherited)";
				INFOPLIST_FILE = Sources/Info.plist;
				INSTALL_PATH = "$(LOCAL_LIBRARY_DIR)/Frameworks";
				IPHONEOS_DEPLOYMENT_TARGET = 10.0;
				LD_RUNPATH_SEARCH_PATHS = "$(inherited) @executable_path/Frameworks @loader_path/Frameworks";
				PRODUCT_BUNDLE_IDENTIFIER = me.micheltlutz.MLLineChart.MLLineChart;
				PRODUCT_NAME = MLLineChart;
				SKIP_INSTALL = YES;
				SWIFT_SWIFT3_OBJC_INFERENCE = Default;
				SWIFT_VERSION = 5.0;
			};
			name = Release;
		};
		3549BB4E1DA389F300C63030 /* Debug */ = {
			isa = XCBuildConfiguration;
			buildSettings = {
				CLANG_ENABLE_MODULES = YES;
				CODE_SIGN_IDENTITY = "";
				DEFINES_MODULE = YES;
				DYLIB_COMPATIBILITY_VERSION = 1;
				DYLIB_CURRENT_VERSION = 1;
				DYLIB_INSTALL_NAME_BASE = "@rpath";
				INFOPLIST_FILE = "Sources/Info-tvOS.plist";
				INSTALL_PATH = "$(LOCAL_LIBRARY_DIR)/Frameworks";
				LD_RUNPATH_SEARCH_PATHS = "$(inherited) @executable_path/Frameworks @loader_path/Frameworks";
				PRODUCT_BUNDLE_IDENTIFIER = me.micheltlutz.MLLineChart.MLLineChart;
				PRODUCT_NAME = MLLineChart;
				SDKROOT = appletvos;
				SKIP_INSTALL = YES;
				SWIFT_OPTIMIZATION_LEVEL = "-Onone";
				SWIFT_SWIFT3_OBJC_INFERENCE = Default;
				SWIFT_VERSION = 5.0;
				TARGETED_DEVICE_FAMILY = 3;
				TVOS_DEPLOYMENT_TARGET = 9.0;
			};
			name = Debug;
		};
		3549BB4F1DA389F300C63030 /* Release */ = {
			isa = XCBuildConfiguration;
			buildSettings = {
				CLANG_ENABLE_MODULES = YES;
				CODE_SIGN_IDENTITY = "";
				DEFINES_MODULE = YES;
				DYLIB_COMPATIBILITY_VERSION = 1;
				DYLIB_CURRENT_VERSION = 1;
				DYLIB_INSTALL_NAME_BASE = "@rpath";
				INFOPLIST_FILE = "Sources/Info-tvOS.plist";
				INSTALL_PATH = "$(LOCAL_LIBRARY_DIR)/Frameworks";
				LD_RUNPATH_SEARCH_PATHS = "$(inherited) @executable_path/Frameworks @loader_path/Frameworks";
				PRODUCT_BUNDLE_IDENTIFIER = me.micheltlutz.MLLineChart.MLLineChart;
				PRODUCT_NAME = MLLineChart;
				SDKROOT = appletvos;
				SKIP_INSTALL = YES;
				SWIFT_SWIFT3_OBJC_INFERENCE = Default;
				SWIFT_VERSION = 5.0;
				TARGETED_DEVICE_FAMILY = 3;
				TVOS_DEPLOYMENT_TARGET = 9.0;
			};
			name = Release;
		};
		3549BB6A1DA38ADB00C63030 /* Debug */ = {
			isa = XCBuildConfiguration;
			buildSettings = {
				ALWAYS_EMBED_SWIFT_STANDARD_LIBRARIES = YES;
				CLANG_ENABLE_MODULES = YES;
				FRAMEWORK_SEARCH_PATHS = (
					"$(inherited)",
					"$(PROJECT_DIR)/Carthage/Build/iOS",
				);
				INFOPLIST_FILE = Tests/Info.plist;
				LD_RUNPATH_SEARCH_PATHS = "$(inherited) @executable_path/Frameworks @loader_path/Frameworks";
				PRODUCT_BUNDLE_IDENTIFIER = me.micheltlutz.MLLineChart.MLLineChartTests;
				PRODUCT_NAME = "$(TARGET_NAME)";
				SWIFT_OPTIMIZATION_LEVEL = "-Onone";
				SWIFT_SWIFT3_OBJC_INFERENCE = Default;
				SWIFT_VERSION = 5.0;
			};
			name = Debug;
		};
		3549BB6B1DA38ADB00C63030 /* Release */ = {
			isa = XCBuildConfiguration;
			buildSettings = {
				ALWAYS_EMBED_SWIFT_STANDARD_LIBRARIES = YES;
				CLANG_ENABLE_MODULES = YES;
				FRAMEWORK_SEARCH_PATHS = (
					"$(inherited)",
					"$(PROJECT_DIR)/Carthage/Build/iOS",
				);
				INFOPLIST_FILE = Tests/Info.plist;
				LD_RUNPATH_SEARCH_PATHS = "$(inherited) @executable_path/Frameworks @loader_path/Frameworks";
				PRODUCT_BUNDLE_IDENTIFIER = me.micheltlutz.MLLineChart.MLLineChartTests;
				PRODUCT_NAME = "$(TARGET_NAME)";
				SWIFT_SWIFT3_OBJC_INFERENCE = Default;
				SWIFT_VERSION = 5.0;
			};
			name = Release;
		};
		3549BB791DA38AEF00C63030 /* Debug */ = {
			isa = XCBuildConfiguration;
			buildSettings = {
				ALWAYS_EMBED_SWIFT_STANDARD_LIBRARIES = YES;
				CLANG_ENABLE_MODULES = YES;
				CODE_SIGN_IDENTITY = "iPhone Developer";
				CODE_SIGN_STYLE = Automatic;
				DEVELOPMENT_TEAM = "";
				FRAMEWORK_SEARCH_PATHS = (
					"$(inherited)",
					"$(PROJECT_DIR)/Carthage/Build/tvOS",
				);
				INFOPLIST_FILE = "Tests/Info-tvOS.plist";
				LD_RUNPATH_SEARCH_PATHS = "$(inherited) @executable_path/Frameworks @loader_path/Frameworks";
				PRODUCT_BUNDLE_IDENTIFIER = me.micheltlutz.MLLineChart.MLLineChartTests;
				PRODUCT_NAME = "$(TARGET_NAME)";
				PROVISIONING_PROFILE_SPECIFIER = "";
				SDKROOT = appletvos;
				SWIFT_OPTIMIZATION_LEVEL = "-Onone";
				SWIFT_SWIFT3_OBJC_INFERENCE = Default;
				SWIFT_VERSION = 5.0;
				TVOS_DEPLOYMENT_TARGET = 9.0;
			};
			name = Debug;
		};
		3549BB7A1DA38AEF00C63030 /* Release */ = {
			isa = XCBuildConfiguration;
			buildSettings = {
				ALWAYS_EMBED_SWIFT_STANDARD_LIBRARIES = YES;
				CLANG_ENABLE_MODULES = YES;
				CODE_SIGN_IDENTITY = "iPhone Developer";
				CODE_SIGN_STYLE = Automatic;
				DEVELOPMENT_TEAM = "";
				FRAMEWORK_SEARCH_PATHS = (
					"$(inherited)",
					"$(PROJECT_DIR)/Carthage/Build/tvOS",
				);
				INFOPLIST_FILE = "Tests/Info-tvOS.plist";
				LD_RUNPATH_SEARCH_PATHS = "$(inherited) @executable_path/Frameworks @loader_path/Frameworks";
				PRODUCT_BUNDLE_IDENTIFIER = me.micheltlutz.MLLineChart.MLLineChartTests;
				PRODUCT_NAME = "$(TARGET_NAME)";
				PROVISIONING_PROFILE_SPECIFIER = "";
				SDKROOT = appletvos;
				SWIFT_SWIFT3_OBJC_INFERENCE = Default;
				SWIFT_VERSION = 5.0;
				TVOS_DEPLOYMENT_TARGET = 9.0;
			};
			name = Release;
		};
		D0026B922264A73F00141B61 /* Debug */ = {
			isa = XCBuildConfiguration;
			buildSettings = {
				ALWAYS_EMBED_SWIFT_STANDARD_LIBRARIES = YES;
				ASSETCATALOG_COMPILER_APPICON_NAME = AppIcon;
				ASSETCATALOG_COMPILER_LAUNCHIMAGE_NAME = LaunchImage;
				CLANG_ANALYZER_NUMBER_OBJECT_CONVERSION = YES_AGGRESSIVE;
				CLANG_CXX_LANGUAGE_STANDARD = "gnu++14";
				CLANG_ENABLE_OBJC_WEAK = YES;
				CLANG_WARN_UNGUARDED_AVAILABILITY = YES_AGGRESSIVE;
				CODE_SIGN_IDENTITY = "iPhone Developer";
				CODE_SIGN_STYLE = Automatic;
				DEVELOPMENT_TEAM = "";
				GCC_C_LANGUAGE_STANDARD = gnu11;
				INFOPLIST_FILE = "$(SRCROOT)/MLLineChartDemo/Supporting Files/Info.plist";
				IPHONEOS_DEPLOYMENT_TARGET = 10.0;
				LD_RUNPATH_SEARCH_PATHS = "$(inherited) @executable_path/Frameworks";
				MTL_ENABLE_DEBUG_INFO = INCLUDE_SOURCE;
				MTL_FAST_MATH = YES;
				PRODUCT_BUNDLE_IDENTIFIER = me.micheltlutz.MLLineChartDemo;
				PRODUCT_NAME = "$(TARGET_NAME)";
				SWIFT_VERSION = 5.0;
				TARGETED_DEVICE_FAMILY = "1,2";
			};
			name = Debug;
		};
		D0026B932264A73F00141B61 /* Release */ = {
			isa = XCBuildConfiguration;
			buildSettings = {
				ALWAYS_EMBED_SWIFT_STANDARD_LIBRARIES = YES;
				ASSETCATALOG_COMPILER_APPICON_NAME = AppIcon;
				ASSETCATALOG_COMPILER_LAUNCHIMAGE_NAME = LaunchImage;
				CLANG_ANALYZER_NUMBER_OBJECT_CONVERSION = YES_AGGRESSIVE;
				CLANG_CXX_LANGUAGE_STANDARD = "gnu++14";
				CLANG_ENABLE_OBJC_WEAK = YES;
				CLANG_WARN_UNGUARDED_AVAILABILITY = YES_AGGRESSIVE;
				CODE_SIGN_IDENTITY = "iPhone Developer";
				CODE_SIGN_STYLE = Automatic;
				DEVELOPMENT_TEAM = "";
				GCC_C_LANGUAGE_STANDARD = gnu11;
				INFOPLIST_FILE = "$(SRCROOT)/MLLineChartDemo/Supporting Files/Info.plist";
				IPHONEOS_DEPLOYMENT_TARGET = 10.0;
				LD_RUNPATH_SEARCH_PATHS = "$(inherited) @executable_path/Frameworks";
				MTL_FAST_MATH = YES;
				PRODUCT_BUNDLE_IDENTIFIER = me.micheltlutz.MLLineChartDemo;
				PRODUCT_NAME = "$(TARGET_NAME)";
				SWIFT_VERSION = 5.0;
				TARGETED_DEVICE_FAMILY = "1,2";
			};
			name = Release;
		};
/* End XCBuildConfiguration section */

/* Begin XCConfigurationList section */
		3549BAFF1DA387DB00C63030 /* Build configuration list for PBXProject "MLLineChart" */ = {
			isa = XCConfigurationList;
			buildConfigurations = (
				3549BB0B1DA387DB00C63030 /* Debug */,
				3549BB0C1DA387DB00C63030 /* Release */,
			);
			defaultConfigurationIsVisible = 0;
			defaultConfigurationName = Release;
		};
		3549BB261DA389CD00C63030 /* Build configuration list for PBXNativeTarget "MLLineChart-iOS" */ = {
			isa = XCConfigurationList;
			buildConfigurations = (
				3549BB271DA389CD00C63030 /* Debug */,
				3549BB281DA389CD00C63030 /* Release */,
			);
			defaultConfigurationIsVisible = 0;
			defaultConfigurationName = Release;
		};
		3549BB4D1DA389F300C63030 /* Build configuration list for PBXNativeTarget "MLLineChart-tvOS" */ = {
			isa = XCConfigurationList;
			buildConfigurations = (
				3549BB4E1DA389F300C63030 /* Debug */,
				3549BB4F1DA389F300C63030 /* Release */,
			);
			defaultConfigurationIsVisible = 0;
			defaultConfigurationName = Release;
		};
		3549BB691DA38ADB00C63030 /* Build configuration list for PBXNativeTarget "MLLineChartTests-iOS" */ = {
			isa = XCConfigurationList;
			buildConfigurations = (
				3549BB6A1DA38ADB00C63030 /* Debug */,
				3549BB6B1DA38ADB00C63030 /* Release */,
			);
			defaultConfigurationIsVisible = 0;
			defaultConfigurationName = Release;
		};
		3549BB781DA38AEF00C63030 /* Build configuration list for PBXNativeTarget "MLLineChartTests-tvOS" */ = {
			isa = XCConfigurationList;
			buildConfigurations = (
				3549BB791DA38AEF00C63030 /* Debug */,
				3549BB7A1DA38AEF00C63030 /* Release */,
			);
			defaultConfigurationIsVisible = 0;
			defaultConfigurationName = Release;
		};
		D0026B942264A73F00141B61 /* Build configuration list for PBXNativeTarget "MLLineChartDemo" */ = {
			isa = XCConfigurationList;
			buildConfigurations = (
				D0026B922264A73F00141B61 /* Debug */,
				D0026B932264A73F00141B61 /* Release */,
			);
			defaultConfigurationIsVisible = 0;
			defaultConfigurationName = Release;
		};
/* End XCConfigurationList section */
	};
	rootObject = 3549BAFC1DA387DB00C63030 /* Project object */;
}
